{"format_version":"1.1","terraform_version":"1.2.7","variables":{"user_vars":{"value":{"id":3,"username":"tester"}}},"planned_values":{"root_module":{"resources":[{"address":"aws_s3_bucket.data[0]","mode":"managed","type":"aws_s3_bucket","name":"data","index":0,"provider_name":"registry.terraform.io/hashicorp/aws","schema_version":0,"values":{"bucket":"data","bucket_prefix":null,"force_destroy":false,"tags":{"Environment":"Dev","Name":"Data Bucket","Workspace":"local","WorkspaceDefault":"false"},"tags_all":{"Environment":"Dev","Name":"Data Bucket","Workspace":"local","WorkspaceDefault":"false"},"timeouts":null},"sensitive_values":{"cors_rule":[],"grant":[],"lifecycle_rule":[],"logging":[],"object_lock_configuration":[],"replication_configuration":[],"server_side_encryption_configuration":[],"tags":{},"tags_all":{},"versioning":[],"website":[]}},{"address":"local_file.foo","mode":"managed","type":"local_file","name":"foo","provider_name":"registry.terraform.io/hashicorp/local","schema_version":0,"values":{"content":"username: tester\nid: 3","content_base64":null,"directory_permission":"0777","file_permission":"0777","filename":"output/user-form.yaml","sensitive_content":null,"source":null},"sensitive_values":{}}]}},"resource_changes":[{"address":"aws_s3_bucket.data[0]","mode":"managed","type":"aws_s3_bucket","name":"data","index":0,"provider_name":"registry.terraform.io/hashicorp/aws","change":{"actions":["create"],"before":null,"after":{"bucket":"data","bucket_prefix":null,"force_destroy":false,"tags":{"Environment":"Dev","Name":"Data Bucket","Workspace":"local","WorkspaceDefault":"false"},"tags_all":{"Environment":"Dev","Name":"Data Bucket","Workspace":"local","WorkspaceDefault":"false"},"timeouts":null},"after_unknown":{"acceleration_status":true,"acl":true,"arn":true,"bucket_domain_name":true,"bucket_regional_domain_name":true,"cors_rule":true,"grant":true,"hosted_zone_id":true,"id":true,"lifecycle_rule":true,"logging":true,"object_lock_configuration":true,"object_lock_enabled":true,"policy":true,"region":true,"replication_configuration":true,"request_payer":true,"server_side_encryption_configuration":true,"tags":{},"tags_all":{},"versioning":true,"website":true,"website_domain":true,"website_endpoint":true},"before_sensitive":false,"after_sensitive":{"cors_rule":[],"grant":[],"lifecycle_rule":[],"logging":[],"object_lock_configuration":[],"replication_configuration":[],"server_side_encryption_configuration":[],"tags":{},"tags_all":{},"versioning":[],"website":[]}}},{"address":"local_file.foo","mode":"managed","type":"local_file","name":"foo","provider_name":"registry.terraform.io/hashicorp/local","change":{"actions":["create"],"before":null,"after":{"content":"username: tester\nid: 3","content_base64":null,"directory_permission":"0777","file_permission":"0777","filename":"output/user-form.yaml","sensitive_content":null,"source":null},"after_unknown":{"id":true},"before_sensitive":false,"after_sensitive":{"sensitive_content":true}}}],"configuration":{"provider_config":{"aws":{"name":"aws","full_name":"registry.terraform.io/hashicorp/aws","version_constraint":"~\u003e 4.0","expressions":{"access_key":{"constant_value":"mock_access_key"},"endpoints":[{"apigateway":{"constant_value":"http://localhost:4566"},"apigatewayv2":{"constant_value":"http://localhost:4566"},"cloudformation":{"constant_value":"http://localhost:4566"},"cloudwatch":{"constant_value":"http://localhost:4566"},"dynamodb":{"constant_value":"http://localhost:4566"},"ec2":{"constant_value":"http://localhost:4566"},"elasticache":{"constant_value":"http://localhost:4566"},"es":{"constant_value":"http://localhost:4566"},"firehose":{"constant_value":"http://localhost:4566"},"iam":{"constant_value":"http://localhost:4566"},"kinesis":{"constant_value":"http://localhost:4566"},"lambda":{"constant_value":"http://localhost:4566"},"rds":{"constant_value":"http://localhost:4566"},"redshift":{"constant_value":"http://localhost:4566"},"route53":{"constant_value":"http://localhost:4566"},"s3":{"constant_value":"http://localhost:4566"},"secretsmanager":{"constant_value":"http://localhost:4566"},"ses":{"constant_value":"http://localhost:4566"},"sns":{"constant_value":"http://localhost:4566"},"sqs":{"constant_value":"http://localhost:4566"},"ssm":{"constant_value":"http://localhost:4566"},"stepfunctions":{"constant_value":"http://localhost:4566"},"sts":{"constant_value":"http://localhost:4566"}}],"region":{"constant_value":"us-east-1"},"s3_use_path_style":{"constant_value":true},"secret_key":{"constant_value":"mock_secret_key"},"skip_credentials_validation":{"constant_value":true},"skip_metadata_api_check":{"constant_value":true},"skip_requesting_account_id":{"constant_value":true}}},"local":{"name":"local","full_name":"registry.terraform.io/hashicorp/local","version_constraint":"2.2.3"}},"root_module":{"resources":[{"address":"aws_s3_bucket.data","mode":"managed","type":"aws_s3_bucket","name":"data","provider_config_key":"aws","expressions":{"bucket":{"constant_value":"data"},"tags":{"references":["terraform.workspace","terraform.workspace"]}},"schema_version":0,"count_expression":{"references":["terraform.workspace"]}},{"address":"local_file.foo","mode":"managed","type":"local_file","name":"foo","provider_config_key":"local","expressions":{"content":{"references":["var.user_vars"]},"filename":{"constant_value":"output/user-form.yaml"}},"schema_version":0}],"variables":{"user_vars":{"default":{"id":3,"username":"tester"}}}}}}
